Microsoft Visual Studio Solution File, Format Version 11.00
# Visual Studio 2008

Project("{FD3D2E1C-F8DC-4AE8-4441-F9136380241F}") = "Race Car Game", "Assembly-CSharp-firstpass.csproj", "{CD2F462D-A24C-8219-3300-CBCA573BA9D5}"
EndProject
Project("{FD3D2E1C-F8DC-4AE8-4441-F9136380241F}") = "Race Car Game", "Assembly-CSharp.csproj", "{B81EB1E9-C980-AC0E-69EF-B3AB0E761E87}"
EndProject
Project("{FD3D2E1C-F8DC-4AE8-4441-F9136380241F}") = "Race Car Game", "Assembly-CSharp-Editor.csproj", "{26370DDC-5D9C-8D69-9A20-9BF36F1A413A}"
EndProject
Global
	GlobalSection(SolutionConfigurationPlatforms) = preSolution
		Debug|Any CPU = Debug|Any CPU
		Release|Any CPU = Release|Any CPU
	EndGlobalSection
	GlobalSection(ProjectConfigurationPlatforms) = postSolution
		{CD2F462D-A24C-8219-3300-CBCA573BA9D5}.Debug|Any CPU.ActiveCfg = Debug|Any CPU
		{CD2F462D-A24C-8219-3300-CBCA573BA9D5}.Debug|Any CPU.Build.0 = Debug|Any CPU
		{CD2F462D-A24C-8219-3300-CBCA573BA9D5}.Release|Any CPU.ActiveCfg = Release|Any CPU
		{CD2F462D-A24C-8219-3300-CBCA573BA9D5}.Release|Any CPU.Build.0 = Release|Any CPU
		{B81EB1E9-C980-AC0E-69EF-B3AB0E761E87}.Debug|Any CPU.ActiveCfg = Debug|Any CPU
		{B81EB1E9-C980-AC0E-69EF-B3AB0E761E87}.Debug|Any CPU.Build.0 = Debug|Any CPU
		{B81EB1E9-C980-AC0E-69EF-B3AB0E761E87}.Release|Any CPU.ActiveCfg = Release|Any CPU
		{B81EB1E9-C980-AC0E-69EF-B3AB0E761E87}.Release|Any CPU.Build.0 = Release|Any CPU
		{26370DDC-5D9C-8D69-9A20-9BF36F1A413A}.Debug|Any CPU.ActiveCfg = Debug|Any CPU
		{26370DDC-5D9C-8D69-9A20-9BF36F1A413A}.Debug|Any CPU.Build.0 = Debug|Any CPU
		{26370DDC-5D9C-8D69-9A20-9BF36F1A413A}.Release|Any CPU.ActiveCfg = Release|Any CPU
		{26370DDC-5D9C-8D69-9A20-9BF36F1A413A}.Release|Any CPU.Build.0 = Release|Any CPU
	EndGlobalSection
	GlobalSection(SolutionProperties) = preSolution
		HideSolutionNode = FALSE
	EndGlobalSection
																				GlobalSection(MonoDevelopProperties) = preSolution
		StartupItem = Assembly-CSharp.csproj
		Policies = $0
		$0.TextStylePolicy = $1
		$1.inheritsSet = null
		$1.scope = text/x-csharp
		$0.CSharpFormattingPolicy = $2
		$2.inheritsSet = Mono
		$2.inheritsScope = text/x-csharp
		$2.scope = text/x-csharp
		$0.TextStylePolicy = $3
		$3.FileWidth = 120
		$3.TabWidth = 4
		$3.IndentWidth = 4
		$3.EolMarker = Unix
		$3.inheritsSet = Mono
		$3.inheritsScope = text/plain
		$3.scope = text/plain
	EndGlobalSection

EndGlobal
